
Microsoft Visual Studio Solution File, Format Version 12.00
# Visual Studio Version 16
VisualStudioVersion = 16.6.30114.105
MinimumVisualStudioVersion = 10.0.40219.1
Project("{9A19103F-16F7-4668-BE54-9A1E7A4F7556}") = "CoreVuePostgreSQL.Data", "CoreVuePostgreSQL.Data\CoreVuePostgreSQL.Data.csproj", "{19A5514A-D8FE-4363-AF93-0DBCB4753F09}"
EndProject
Project("{9A19103F-16F7-4668-BE54-9A1E7A4F7556}") = "CoreVuePostgreSQL.Web", "CoreVuePostgreSQL.Web\CoreVuePostgreSQL.Web.csproj", "{20916F8F-A7A3-4C7B-B429-5062CBC8D0C9}"
EndProject
Project("{9A19103F-16F7-4668-BE54-9A1E7A4F7556}") = "CoreVuePostgreSQL.Service", "CoreVuePostgreSQL.Service\CoreVuePostgreSQL.Service.csproj", "{8A2DA8F5-1FFB-45E2-A9D0-B2A6666AB026}"
EndProject
Project("{9A19103F-16F7-4668-BE54-9A1E7A4F7556}") = "CoreVuePostgreSQL.Test", "CoreVuePostgreSQL.Test\CoreVuePostgreSQL.Test.csproj", "{08CE3A99-FC02-4B64-B481-D62F996DF192}"
EndProject
Global
	GlobalSection(SolutionConfigurationPlatforms) = preSolution
		Debug|Any CPU = Debug|Any CPU
		Debug|x64 = Debug|x64
		Debug|x86 = Debug|x86
		Release|Any CPU = Release|Any CPU
		Release|x64 = Release|x64
		Release|x86 = Release|x86
	EndGlobalSection
	GlobalSection(ProjectConfigurationPlatforms) = postSolution
		{19A5514A-D8FE-4363-AF93-0DBCB4753F09}.Debug|Any CPU.ActiveCfg = Debug|Any CPU
		{19A5514A-D8FE-4363-AF93-0DBCB4753F09}.Debug|Any CPU.Build.0 = Debug|Any CPU
		{19A5514A-D8FE-4363-AF93-0DBCB4753F09}.Debug|x64.ActiveCfg = Debug|Any CPU
		{19A5514A-D8FE-4363-AF93-0DBCB4753F09}.Debug|x64.Build.0 = Debug|Any CPU
		{19A5514A-D8FE-4363-AF93-0DBCB4753F09}.Debug|x86.ActiveCfg = Debug|Any CPU
		{19A5514A-D8FE-4363-AF93-0DBCB4753F09}.Debug|x86.Build.0 = Debug|Any CPU
		{19A5514A-D8FE-4363-AF93-0DBCB4753F09}.Release|Any CPU.ActiveCfg = Release|Any CPU
		{19A5514A-D8FE-4363-AF93-0DBCB4753F09}.Release|Any CPU.Build.0 = Release|Any CPU
		{19A5514A-D8FE-4363-AF93-0DBCB4753F09}.Release|x64.ActiveCfg = Release|Any CPU
		{19A5514A-D8FE-4363-AF93-0DBCB4753F09}.Release|x64.Build.0 = Release|Any CPU
		{19A5514A-D8FE-4363-AF93-0DBCB4753F09}.Release|x86.ActiveCfg = Release|Any CPU
		{19A5514A-D8FE-4363-AF93-0DBCB4753F09}.Release|x86.Build.0 = Release|Any CPU
		{20916F8F-A7A3-4C7B-B429-5062CBC8D0C9}.Debug|Any CPU.ActiveCfg = Debug|Any CPU
		{20916F8F-A7A3-4C7B-B429-5062CBC8D0C9}.Debug|Any CPU.Build.0 = Debug|Any CPU
		{20916F8F-A7A3-4C7B-B429-5062CBC8D0C9}.Debug|x64.ActiveCfg = Debug|Any CPU
		{20916F8F-A7A3-4C7B-B429-5062CBC8D0C9}.Debug|x64.Build.0 = Debug|Any CPU
		{20916F8F-A7A3-4C7B-B429-5062CBC8D0C9}.Debug|x86.ActiveCfg = Debug|Any CPU
		{20916F8F-A7A3-4C7B-B429-5062CBC8D0C9}.Debug|x86.Build.0 = Debug|Any CPU
		{20916F8F-A7A3-4C7B-B429-5062CBC8D0C9}.Release|Any CPU.ActiveCfg = Release|Any CPU
		{20916F8F-A7A3-4C7B-B429-5062CBC8D0C9}.Release|Any CPU.Build.0 = Release|Any CPU
		{20916F8F-A7A3-4C7B-B429-5062CBC8D0C9}.Release|x64.ActiveCfg = Release|Any CPU
		{20916F8F-A7A3-4C7B-B429-5062CBC8D0C9}.Release|x64.Build.0 = Release|Any CPU
		{20916F8F-A7A3-4C7B-B429-5062CBC8D0C9}.Release|x86.ActiveCfg = Release|Any CPU
		{20916F8F-A7A3-4C7B-B429-5062CBC8D0C9}.Release|x86.Build.0 = Release|Any CPU
		{8A2DA8F5-1FFB-45E2-A9D0-B2A6666AB026}.Debug|Any CPU.ActiveCfg = Debug|Any CPU
		{8A2DA8F5-1FFB-45E2-A9D0-B2A6666AB026}.Debug|Any CPU.Build.0 = Debug|Any CPU
		{8A2DA8F5-1FFB-45E2-A9D0-B2A6666AB026}.Debug|x64.ActiveCfg = Debug|Any CPU
		{8A2DA8F5-1FFB-45E2-A9D0-B2A6666AB026}.Debug|x64.Build.0 = Debug|Any CPU
		{8A2DA8F5-1FFB-45E2-A9D0-B2A6666AB026}.Debug|x86.ActiveCfg = Debug|Any CPU
		{8A2DA8F5-1FFB-45E2-A9D0-B2A6666AB026}.Debug|x86.Build.0 = Debug|Any CPU
		{8A2DA8F5-1FFB-45E2-A9D0-B2A6666AB026}.Release|Any CPU.ActiveCfg = Release|Any CPU
		{8A2DA8F5-1FFB-45E2-A9D0-B2A6666AB026}.Release|Any CPU.Build.0 = Release|Any CPU
		{8A2DA8F5-1FFB-45E2-A9D0-B2A6666AB026}.Release|x64.ActiveCfg = Release|Any CPU
		{8A2DA8F5-1FFB-45E2-A9D0-B2A6666AB026}.Release|x64.Build.0 = Release|Any CPU
		{8A2DA8F5-1FFB-45E2-A9D0-B2A6666AB026}.Release|x86.ActiveCfg = Release|Any CPU
		{8A2DA8F5-1FFB-45E2-A9D0-B2A6666AB026}.Release|x86.Build.0 = Release|Any CPU
		{08CE3A99-FC02-4B64-B481-D62F996DF192}.Debug|Any CPU.ActiveCfg = Debug|Any CPU
		{08CE3A99-FC02-4B64-B481-D62F996DF192}.Debug|Any CPU.Build.0 = Debug|Any CPU
		{08CE3A99-FC02-4B64-B481-D62F996DF192}.Debug|x64.ActiveCfg = Debug|Any CPU
		{08CE3A99-FC02-4B64-B481-D62F996DF192}.Debug|x64.Build.0 = Debug|Any CPU
		{08CE3A99-FC02-4B64-B481-D62F996DF192}.Debug|x86.ActiveCfg = Debug|Any CPU
		{08CE3A99-FC02-4B64-B481-D62F996DF192}.Debug|x86.Build.0 = Debug|Any CPU
		{08CE3A99-FC02-4B64-B481-D62F996DF192}.Release|Any CPU.ActiveCfg = Release|Any CPU
		{08CE3A99-FC02-4B64-B481-D62F996DF192}.Release|Any CPU.Build.0 = Release|Any CPU
		{08CE3A99-FC02-4B64-B481-D62F996DF192}.Release|x64.ActiveCfg = Release|Any CPU
		{08CE3A99-FC02-4B64-B481-D62F996DF192}.Release|x64.Build.0 = Release|Any CPU
		{08CE3A99-FC02-4B64-B481-D62F996DF192}.Release|x86.ActiveCfg = Release|Any CPU
		{08CE3A99-FC02-4B64-B481-D62F996DF192}.Release|x86.Build.0 = Release|Any CPU
	EndGlobalSection
	GlobalSection(SolutionProperties) = preSolution
		HideSolutionNode = FALSE
	EndGlobalSection
	GlobalSection(ExtensibilityGlobals) = postSolution
		SolutionGuid = {4960FD24-FE0C-492B-87A0-56D3637E985D}
	EndGlobalSection
EndGlobal
